
Microsoft Visual Studio Solution File, Format Version 11.00
# Visual Studio 2010
Project("{FAE04EC0-301F-11D3-BF4B-00C04F79EFBC}") = "Mono.Unit (MonoTouch)", "Mono.Unit (MonoTouch).csproj", "{025B42E7-01B1-4F12-8E24-BE55B2CB3CA0}"
EndProject
Global
	GlobalSection(SolutionConfigurationPlatforms) = preSolution
		MonoTouch|Any CPU = MonoTouch|Any CPU
	EndGlobalSection
	GlobalSection(ProjectConfigurationPlatforms) = postSolution
		{025B42E7-01B1-4F12-8E24-BE55B2CB3CA0}.MonoTouch|Any CPU.ActiveCfg = MonoTouch|Any CPU
		{025B42E7-01B1-4F12-8E24-BE55B2CB3CA0}.MonoTouch|Any CPU.Build.0 = MonoTouch|Any CPU
	EndGlobalSection
	GlobalSection(MonoDevelopProperties) = preSolution
		StartupItem = Mono.Unit (MonoTouch).csproj
	EndGlobalSection
	GlobalSection(SolutionProperties) = preSolution
		HideSolutionNode = FALSE
	EndGlobalSection
EndGlobal
